
Microsoft Visual Studio Solution File, Format Version 12.00
# Visual Studio Version 17
VisualStudioVersion = 17.9.34701.34
MinimumVisualStudioVersion = 10.0.40219.1
Project("{FAE04EC0-301F-11D3-BF4B-00C04F79EFBC}") = "Animal 2", "Animal 2.csproj", "{719908F6-C543-49CD-A85E-18812D88ED2F}"
EndProject
Global
	GlobalSection(SolutionConfigurationPlatforms) = preSolution
		Debug|Any CPU = Debug|Any CPU
		Release|Any CPU = Release|Any CPU
	EndGlobalSection
	GlobalSection(ProjectConfigurationPlatforms) = postSolution
		{719908F6-C543-49CD-A85E-18812D88ED2F}.Debug|Any CPU.ActiveCfg = Debug|Any CPU
		{719908F6-C543-49CD-A85E-18812D88ED2F}.Debug|Any CPU.Build.0 = Debug|Any CPU
		{719908F6-C543-49CD-A85E-18812D88ED2F}.Release|Any CPU.ActiveCfg = Release|Any CPU
		{719908F6-C543-49CD-A85E-18812D88ED2F}.Release|Any CPU.Build.0 = Release|Any CPU
	EndGlobalSection
	GlobalSection(SolutionProperties) = preSolution
		HideSolutionNode = FALSE
	EndGlobalSection
	GlobalSection(ExtensibilityGlobals) = postSolution
		SolutionGuid = {1C90AEE3-3BC1-4192-8BCE-0E4A39AAF0BA}
	EndGlobalSection
EndGlobal
